
Microsoft Visual Studio Solution File, Format Version 12.00
# Visual Studio 15
VisualStudioVersion = 15.0.26206.0
MinimumVisualStudioVersion = 10.0.40219.1
Project("{FAE04EC0-301F-11D3-BF4B-00C04F79EFBC}") = "Bridge.Navigation", "Bridge.Navigation\Bridge.Navigation.csproj", "{0B5FFFB1-4DE7-410B-A409-5060068860FC}"
EndProject
Project("{2150E333-8FDC-42A3-9474-1A3956D46DE8}") = "TestApp", "TestApp", "{E29AA039-3C13-4BE0-B96B-95208E29A777}"
EndProject
Project("{FAE04EC0-301F-11D3-BF4B-00C04F79EFBC}") = "Bridge.Nav.TestApp", "Bridge.Nav.TestApp\Bridge.Nav.TestApp.csproj", "{5ACFFE2C-FE5E-41F8-B14C-E5909E476D09}"
EndProject
Project("{FAE04EC0-301F-11D3-BF4B-00C04F79EFBC}") = "Bridge.Nav.WebApp", "Bridge.Nav.WebApp\Bridge.Nav.WebApp.csproj", "{FB9B09D8-308B-4A0A-BE40-04F4B39EB6FC}"
EndProject
Global
	GlobalSection(SolutionConfigurationPlatforms) = preSolution
		Debug|Any CPU = Debug|Any CPU
		Release|Any CPU = Release|Any CPU
	EndGlobalSection
	GlobalSection(ProjectConfigurationPlatforms) = postSolution
		{0B5FFFB1-4DE7-410B-A409-5060068860FC}.Debug|Any CPU.ActiveCfg = Debug|Any CPU
		{0B5FFFB1-4DE7-410B-A409-5060068860FC}.Debug|Any CPU.Build.0 = Debug|Any CPU
		{0B5FFFB1-4DE7-410B-A409-5060068860FC}.Release|Any CPU.ActiveCfg = Release|Any CPU
		{0B5FFFB1-4DE7-410B-A409-5060068860FC}.Release|Any CPU.Build.0 = Release|Any CPU
		{5ACFFE2C-FE5E-41F8-B14C-E5909E476D09}.Debug|Any CPU.ActiveCfg = Debug|Any CPU
		{5ACFFE2C-FE5E-41F8-B14C-E5909E476D09}.Debug|Any CPU.Build.0 = Debug|Any CPU
		{5ACFFE2C-FE5E-41F8-B14C-E5909E476D09}.Release|Any CPU.ActiveCfg = Release|Any CPU
		{5ACFFE2C-FE5E-41F8-B14C-E5909E476D09}.Release|Any CPU.Build.0 = Release|Any CPU
		{FB9B09D8-308B-4A0A-BE40-04F4B39EB6FC}.Debug|Any CPU.ActiveCfg = Debug|Any CPU
		{FB9B09D8-308B-4A0A-BE40-04F4B39EB6FC}.Debug|Any CPU.Build.0 = Debug|Any CPU
		{FB9B09D8-308B-4A0A-BE40-04F4B39EB6FC}.Release|Any CPU.ActiveCfg = Release|Any CPU
		{FB9B09D8-308B-4A0A-BE40-04F4B39EB6FC}.Release|Any CPU.Build.0 = Release|Any CPU
	EndGlobalSection
	GlobalSection(SolutionProperties) = preSolution
		HideSolutionNode = FALSE
	EndGlobalSection
	GlobalSection(NestedProjects) = preSolution
		{5ACFFE2C-FE5E-41F8-B14C-E5909E476D09} = {E29AA039-3C13-4BE0-B96B-95208E29A777}
		{FB9B09D8-308B-4A0A-BE40-04F4B39EB6FC} = {E29AA039-3C13-4BE0-B96B-95208E29A777}
	EndGlobalSection
EndGlobal
